
Microsoft Visual Studio Solution File, Format Version 12.00
# Visual Studio 15
VisualStudioVersion = 15.0.27004.2005
MinimumVisualStudioVersion = 10.0.40219.1
Project("{2150E333-8FDC-42A3-9474-1A3956D46DE8}") = "src", "src", "{7F2A0306-28CC-4B68-B2CE-F2DFA27CADD9}"
EndProject
Project("{2150E333-8FDC-42A3-9474-1A3956D46DE8}") = "test", "test", "{7048FB45-6C4B-46CE-9F4D-7412BEE59802}"
EndProject
Project("{2150E333-8FDC-42A3-9474-1A3956D46DE8}") = "Services", "Services", "{E466956F-B33E-4ED4-8273-ED054102049F}"
EndProject
Project("{2150E333-8FDC-42A3-9474-1A3956D46DE8}") = "Services", "Services", "{2FB6F789-E116-46D4-8B72-99A70C470085}"
EndProject
Project("{2150E333-8FDC-42A3-9474-1A3956D46DE8}") = "Calendar", "Calendar", "{EDE12507-EE22-4779-A0C4-A15294693DEE}"
EndProject
Project("{FAE04EC0-301F-11D3-BF4B-00C04F79EFBC}") = "Calendar.API", "Calendar.API\Calendar.API.csproj", "{FDA3B950-D597-4570-93C6-E2988BE38A93}"
EndProject
Global
	GlobalSection(SolutionConfigurationPlatforms) = preSolution
		Debug|Any CPU = Debug|Any CPU
		Release|Any CPU = Release|Any CPU
	EndGlobalSection
	GlobalSection(ProjectConfigurationPlatforms) = postSolution
		{FDA3B950-D597-4570-93C6-E2988BE38A93}.Debug|Any CPU.ActiveCfg = Debug|Any CPU
		{FDA3B950-D597-4570-93C6-E2988BE38A93}.Debug|Any CPU.Build.0 = Debug|Any CPU
		{FDA3B950-D597-4570-93C6-E2988BE38A93}.Release|Any CPU.ActiveCfg = Release|Any CPU
		{FDA3B950-D597-4570-93C6-E2988BE38A93}.Release|Any CPU.Build.0 = Release|Any CPU
	EndGlobalSection
	GlobalSection(SolutionProperties) = preSolution
		HideSolutionNode = FALSE
	EndGlobalSection
	GlobalSection(NestedProjects) = preSolution
		{E466956F-B33E-4ED4-8273-ED054102049F} = {7F2A0306-28CC-4B68-B2CE-F2DFA27CADD9}
		{2FB6F789-E116-46D4-8B72-99A70C470085} = {7048FB45-6C4B-46CE-9F4D-7412BEE59802}
		{EDE12507-EE22-4779-A0C4-A15294693DEE} = {E466956F-B33E-4ED4-8273-ED054102049F}
		{FDA3B950-D597-4570-93C6-E2988BE38A93} = {EDE12507-EE22-4779-A0C4-A15294693DEE}
	EndGlobalSection
	GlobalSection(ExtensibilityGlobals) = postSolution
		SolutionGuid = {833F939B-68E6-45FC-AB5C-AB20F3FEEC77}
	EndGlobalSection
EndGlobal
